
Microsoft Visual Studio Solution File, Format Version 12.00
# Visual Studio Version 17
VisualStudioVersion = 17.4.33213.308
MinimumVisualStudioVersion = 10.0.40219.1
Project("{9A19103F-16F7-4668-BE54-9A1E7A4F7556}") = "App.Service.Api", "App.Service.Api\App.Service.Api.csproj", "{0E5060DE-A08B-4706-8D72-5B388D9B4974}"
EndProject
Project("{2150E333-8FDC-42A3-9474-1A3956D46DE8}") = "1 - Services", "1 - Services", "{6F5C748F-1156-459B-BA63-40D81EF49A46}"
EndProject
Project("{2150E333-8FDC-42A3-9474-1A3956D46DE8}") = "2 - Presentation", "2 - Presentation", "{F583C274-AE6C-405E-B5F6-888EEAEE22FC}"
EndProject
Project("{2150E333-8FDC-42A3-9474-1A3956D46DE8}") = "3 - Application", "3 - Application", "{056D07FA-6D3B-46EF-885F-135FD0D135F1}"
EndProject
Project("{2150E333-8FDC-42A3-9474-1A3956D46DE8}") = "4 - Domain", "4 - Domain", "{1E9D4F48-D6B9-45AC-AC86-EA51D637C4AD}"
EndProject
Project("{2150E333-8FDC-42A3-9474-1A3956D46DE8}") = "5 - Infra", "5 - Infra", "{AE3312B0-4F04-48A8-B878-94BDE406CDB3}"
EndProject
Project("{2150E333-8FDC-42A3-9474-1A3956D46DE8}") = "6 - Compose", "6 - Compose", "{8CCDABCE-1F6B-4EC3-9444-3F6A15A344CD}"
EndProject
Project("{FAE04EC0-301F-11D3-BF4B-00C04F79EFBC}") = "App.Presentation", "App.Presentation\App.Presentation.csproj", "{64564378-AC76-4E70-9B6E-34A87E743475}"
EndProject
Project("{FAE04EC0-301F-11D3-BF4B-00C04F79EFBC}") = "App.Domain", "App.Domain\App.Domain.csproj", "{F1256443-FC2A-4874-AA80-418C4CC48840}"
EndProject
Project("{FAE04EC0-301F-11D3-BF4B-00C04F79EFBC}") = "App.Application", "App.Application\App.Application.csproj", "{C607F52D-C463-45B7-9D7E-9A0F7A71F91F}"
EndProject
Project("{FAE04EC0-301F-11D3-BF4B-00C04F79EFBC}") = "App.Infra", "App.Infra\App.Infra.csproj", "{38860F8E-A702-4C42-BD38-A9A4B97F3121}"
EndProject
Global
	GlobalSection(SolutionConfigurationPlatforms) = preSolution
		Debug|Any CPU = Debug|Any CPU
		Release|Any CPU = Release|Any CPU
	EndGlobalSection
	GlobalSection(ProjectConfigurationPlatforms) = postSolution
		{0E5060DE-A08B-4706-8D72-5B388D9B4974}.Debug|Any CPU.ActiveCfg = Debug|Any CPU
		{0E5060DE-A08B-4706-8D72-5B388D9B4974}.Debug|Any CPU.Build.0 = Debug|Any CPU
		{0E5060DE-A08B-4706-8D72-5B388D9B4974}.Release|Any CPU.ActiveCfg = Release|Any CPU
		{0E5060DE-A08B-4706-8D72-5B388D9B4974}.Release|Any CPU.Build.0 = Release|Any CPU
		{64564378-AC76-4E70-9B6E-34A87E743475}.Debug|Any CPU.ActiveCfg = Debug|Any CPU
		{64564378-AC76-4E70-9B6E-34A87E743475}.Debug|Any CPU.Build.0 = Debug|Any CPU
		{64564378-AC76-4E70-9B6E-34A87E743475}.Release|Any CPU.ActiveCfg = Release|Any CPU
		{64564378-AC76-4E70-9B6E-34A87E743475}.Release|Any CPU.Build.0 = Release|Any CPU
		{F1256443-FC2A-4874-AA80-418C4CC48840}.Debug|Any CPU.ActiveCfg = Debug|Any CPU
		{F1256443-FC2A-4874-AA80-418C4CC48840}.Debug|Any CPU.Build.0 = Debug|Any CPU
		{F1256443-FC2A-4874-AA80-418C4CC48840}.Release|Any CPU.ActiveCfg = Release|Any CPU
		{F1256443-FC2A-4874-AA80-418C4CC48840}.Release|Any CPU.Build.0 = Release|Any CPU
		{C607F52D-C463-45B7-9D7E-9A0F7A71F91F}.Debug|Any CPU.ActiveCfg = Debug|Any CPU
		{C607F52D-C463-45B7-9D7E-9A0F7A71F91F}.Debug|Any CPU.Build.0 = Debug|Any CPU
		{C607F52D-C463-45B7-9D7E-9A0F7A71F91F}.Release|Any CPU.ActiveCfg = Release|Any CPU
		{C607F52D-C463-45B7-9D7E-9A0F7A71F91F}.Release|Any CPU.Build.0 = Release|Any CPU
		{38860F8E-A702-4C42-BD38-A9A4B97F3121}.Debug|Any CPU.ActiveCfg = Debug|Any CPU
		{38860F8E-A702-4C42-BD38-A9A4B97F3121}.Debug|Any CPU.Build.0 = Debug|Any CPU
		{38860F8E-A702-4C42-BD38-A9A4B97F3121}.Release|Any CPU.ActiveCfg = Release|Any CPU
		{38860F8E-A702-4C42-BD38-A9A4B97F3121}.Release|Any CPU.Build.0 = Release|Any CPU
	EndGlobalSection
	GlobalSection(SolutionProperties) = preSolution
		HideSolutionNode = FALSE
	EndGlobalSection
	GlobalSection(NestedProjects) = preSolution
		{0E5060DE-A08B-4706-8D72-5B388D9B4974} = {6F5C748F-1156-459B-BA63-40D81EF49A46}
		{64564378-AC76-4E70-9B6E-34A87E743475} = {F583C274-AE6C-405E-B5F6-888EEAEE22FC}
		{F1256443-FC2A-4874-AA80-418C4CC48840} = {1E9D4F48-D6B9-45AC-AC86-EA51D637C4AD}
		{C607F52D-C463-45B7-9D7E-9A0F7A71F91F} = {056D07FA-6D3B-46EF-885F-135FD0D135F1}
		{38860F8E-A702-4C42-BD38-A9A4B97F3121} = {AE3312B0-4F04-48A8-B878-94BDE406CDB3}
	EndGlobalSection
	GlobalSection(ExtensibilityGlobals) = postSolution
		SolutionGuid = {57D65323-2986-49CD-BD35-05B8A9B613E1}
	EndGlobalSection
EndGlobal
