
Microsoft Visual Studio Solution File, Format Version 12.00
# Visual Studio Version 17
VisualStudioVersion = 17.4.33205.214
MinimumVisualStudioVersion = 10.0.40219.1
Project("{9A19103F-16F7-4668-BE54-9A1E7A4F7556}") = "Domain", "Domain\Domain.csproj", "{6319FD8D-4B44-4EB4-B141-BC74C1988A43}"
EndProject
Project("{FAE04EC0-301F-11D3-BF4B-00C04F79EFBC}") = "Application", "Application\Application.csproj", "{28964664-B9FB-4A76-B23B-F000FDB94BB9}"
EndProject
Project("{FAE04EC0-301F-11D3-BF4B-00C04F79EFBC}") = "Infra", "Infra\Infra.csproj", "{7C9B8312-3C86-49BD-BC85-D61BFFC63DEC}"
EndProject
Project("{FAE04EC0-301F-11D3-BF4B-00C04F79EFBC}") = "WebApiMinimal", "WebApiMinimal\WebApiMinimal.csproj", "{EBC741C4-0675-4B8D-9CEA-09618D21A2F6}"
EndProject
Project("{E53339B2-1760-4266-BCC7-CA923CBCF16C}") = "docker-compose", "docker-compose.dcproj", "{7691401D-0DD0-4871-8C06-5F5B99EE08A3}"
EndProject
Global
	GlobalSection(SolutionConfigurationPlatforms) = preSolution
		Debug|Any CPU = Debug|Any CPU
		Release|Any CPU = Release|Any CPU
	EndGlobalSection
	GlobalSection(ProjectConfigurationPlatforms) = postSolution
		{6319FD8D-4B44-4EB4-B141-BC74C1988A43}.Debug|Any CPU.ActiveCfg = Debug|Any CPU
		{6319FD8D-4B44-4EB4-B141-BC74C1988A43}.Debug|Any CPU.Build.0 = Debug|Any CPU
		{6319FD8D-4B44-4EB4-B141-BC74C1988A43}.Release|Any CPU.ActiveCfg = Release|Any CPU
		{6319FD8D-4B44-4EB4-B141-BC74C1988A43}.Release|Any CPU.Build.0 = Release|Any CPU
		{28964664-B9FB-4A76-B23B-F000FDB94BB9}.Debug|Any CPU.ActiveCfg = Debug|Any CPU
		{28964664-B9FB-4A76-B23B-F000FDB94BB9}.Debug|Any CPU.Build.0 = Debug|Any CPU
		{28964664-B9FB-4A76-B23B-F000FDB94BB9}.Release|Any CPU.ActiveCfg = Release|Any CPU
		{28964664-B9FB-4A76-B23B-F000FDB94BB9}.Release|Any CPU.Build.0 = Release|Any CPU
		{7C9B8312-3C86-49BD-BC85-D61BFFC63DEC}.Debug|Any CPU.ActiveCfg = Debug|Any CPU
		{7C9B8312-3C86-49BD-BC85-D61BFFC63DEC}.Debug|Any CPU.Build.0 = Debug|Any CPU
		{7C9B8312-3C86-49BD-BC85-D61BFFC63DEC}.Release|Any CPU.ActiveCfg = Release|Any CPU
		{7C9B8312-3C86-49BD-BC85-D61BFFC63DEC}.Release|Any CPU.Build.0 = Release|Any CPU
		{EBC741C4-0675-4B8D-9CEA-09618D21A2F6}.Debug|Any CPU.ActiveCfg = Debug|Any CPU
		{EBC741C4-0675-4B8D-9CEA-09618D21A2F6}.Debug|Any CPU.Build.0 = Debug|Any CPU
		{EBC741C4-0675-4B8D-9CEA-09618D21A2F6}.Release|Any CPU.ActiveCfg = Release|Any CPU
		{EBC741C4-0675-4B8D-9CEA-09618D21A2F6}.Release|Any CPU.Build.0 = Release|Any CPU
		{7691401D-0DD0-4871-8C06-5F5B99EE08A3}.Debug|Any CPU.ActiveCfg = Debug|Any CPU
		{7691401D-0DD0-4871-8C06-5F5B99EE08A3}.Debug|Any CPU.Build.0 = Debug|Any CPU
		{7691401D-0DD0-4871-8C06-5F5B99EE08A3}.Release|Any CPU.ActiveCfg = Release|Any CPU
		{7691401D-0DD0-4871-8C06-5F5B99EE08A3}.Release|Any CPU.Build.0 = Release|Any CPU
	EndGlobalSection
	GlobalSection(SolutionProperties) = preSolution
		HideSolutionNode = FALSE
	EndGlobalSection
	GlobalSection(ExtensibilityGlobals) = postSolution
		SolutionGuid = {45E6FFA6-0DDA-428C-BA56-82CDE74C3DBA}
	EndGlobalSection
EndGlobal
